
Microsoft Visual Studio Solution File, Format Version 12.00
# Visual Studio Version 17
VisualStudioVersion = 17.2.32630.192
MinimumVisualStudioVersion = 10.0.40219.1
Project("{FAE04EC0-301F-11D3-BF4B-00C04F79EFBC}") = "Coffee_POS", "Coffee_POS.csproj", "{13AD5081-D6AF-47E0-AEA7-2167BE28CC9B}"
EndProject
Global
	GlobalSection(SolutionConfigurationPlatforms) = preSolution
		Debug|Any CPU = Debug|Any CPU
		Release|Any CPU = Release|Any CPU
	EndGlobalSection
	GlobalSection(ProjectConfigurationPlatforms) = postSolution
		{13AD5081-D6AF-47E0-AEA7-2167BE28CC9B}.Debug|Any CPU.ActiveCfg = Debug|Any CPU
		{13AD5081-D6AF-47E0-AEA7-2167BE28CC9B}.Debug|Any CPU.Build.0 = Debug|Any CPU
		{13AD5081-D6AF-47E0-AEA7-2167BE28CC9B}.Release|Any CPU.ActiveCfg = Release|Any CPU
		{13AD5081-D6AF-47E0-AEA7-2167BE28CC9B}.Release|Any CPU.Build.0 = Release|Any CPU
	EndGlobalSection
	GlobalSection(SolutionProperties) = preSolution
		HideSolutionNode = FALSE
	EndGlobalSection
	GlobalSection(ExtensibilityGlobals) = postSolution
		SolutionGuid = {E29E866F-4C7F-42C2-8C09-A864CEBA4D08}
	EndGlobalSection
EndGlobal
